
Microsoft Visual Studio Solution File, Format Version 12.00
# Visual Studio Version 16
VisualStudioVersion = 16.0.31911.196
MinimumVisualStudioVersion = 10.0.40219.1
Project("{FAE04EC0-301F-11D3-BF4B-00C04F79EFBC}") = "task_2", "task_2\task_2.csproj", "{DAB633B3-2385-40F0-BF39-D1CB4291E0E6}"
EndProject
Global
	GlobalSection(SolutionConfigurationPlatforms) = preSolution
		Debug|Any CPU = Debug|Any CPU
		Release|Any CPU = Release|Any CPU
	EndGlobalSection
	GlobalSection(ProjectConfigurationPlatforms) = postSolution
		{DAB633B3-2385-40F0-BF39-D1CB4291E0E6}.Debug|Any CPU.ActiveCfg = Debug|Any CPU
		{DAB633B3-2385-40F0-BF39-D1CB4291E0E6}.Debug|Any CPU.Build.0 = Debug|Any CPU
		{DAB633B3-2385-40F0-BF39-D1CB4291E0E6}.Release|Any CPU.ActiveCfg = Release|Any CPU
		{DAB633B3-2385-40F0-BF39-D1CB4291E0E6}.Release|Any CPU.Build.0 = Release|Any CPU
	EndGlobalSection
	GlobalSection(SolutionProperties) = preSolution
		HideSolutionNode = FALSE
	EndGlobalSection
	GlobalSection(ExtensibilityGlobals) = postSolution
		SolutionGuid = {548BCB18-CA0E-47B3-AD2D-2AB93E8ABAA2}
	EndGlobalSection
EndGlobal
